
Microsoft Visual Studio Solution File, Format Version 12.00
# Visual Studio Version 17
VisualStudioVersion = 17.8.34525.116
MinimumVisualStudioVersion = 10.0.40219.1
Project("{FAE04EC0-301F-11D3-BF4B-00C04F79EFBC}") = "TwoWindows", "TwoWindows.csproj", "{5E5F3F20-3D7B-46FA-8E07-1315044C2E4B}"
EndProject
Global
	GlobalSection(SolutionConfigurationPlatforms) = preSolution
		Debug|Any CPU = Debug|Any CPU
		Release|Any CPU = Release|Any CPU
	EndGlobalSection
	GlobalSection(ProjectConfigurationPlatforms) = postSolution
		{5E5F3F20-3D7B-46FA-8E07-1315044C2E4B}.Debug|Any CPU.ActiveCfg = Debug|Any CPU
		{5E5F3F20-3D7B-46FA-8E07-1315044C2E4B}.Debug|Any CPU.Build.0 = Debug|Any CPU
		{5E5F3F20-3D7B-46FA-8E07-1315044C2E4B}.Release|Any CPU.ActiveCfg = Release|Any CPU
		{5E5F3F20-3D7B-46FA-8E07-1315044C2E4B}.Release|Any CPU.Build.0 = Release|Any CPU
	EndGlobalSection
	GlobalSection(SolutionProperties) = preSolution
		HideSolutionNode = FALSE
	EndGlobalSection
	GlobalSection(ExtensibilityGlobals) = postSolution
		SolutionGuid = {5D1FD085-ACC6-4513-9C3D-DC9D86334C9F}
	EndGlobalSection
EndGlobal
